#include <iostream>
#include <vector>
using namespace std;

vector<string> concat(vector<string>L1, vector<string>L2)
{
    vector<string> res;
    for (int i = 0; i < L1.size(); i++) {
        for (int j = 0; j < L2.size(); j++) {
            res.push_back(L1[i] + L2[j]);
        }
    }
    return res;
}

int main()
{
    vector<string> L1 = { "Hello", "Hi" };
    vector<string> L2 = { "World", "There" };

    vector<string> result = concat(L1, L2);
    for (const string& s : result) {
        cout << s << " ";
    }

    return 0;
}
